// !$*UTF8*$!
{
	archiveVersion = 1;
	classes = {
	};
	objectVersion = 46;
	objects = {

/* Begin PBXBuildFile section */
		F90735AF1ABE4EB100657310 /* SignUpViewController.swift in Sources */ = {isa = PBXBuildFile; fileRef = F90735AE1ABE4EB100657310 /* SignUpViewController.swift */; };
		F90735B11ABE4F0200657310 /* LeaderboardViewController.swift in Sources */ = {isa = PBXBuildFile; fileRef = F90735B01ABE4F0200657310 /* LeaderboardViewController.swift */; };
		F90735B51ABE4FBA00657310 /* EnterMatchStatsViewController.swift in Sources */ = {isa = PBXBuildFile; fileRef = F90735B41ABE4FBA00657310 /* EnterMatchStatsViewController.swift */; };
		F90735B71ABE501900657310 /* MyStatsViewController.swift in Sources */ = {isa = PBXBuildFile; fileRef = F90735B61ABE501900657310 /* MyStatsViewController.swift */; };
		F909ABE71AC7BBA600505086 /* BeaconViewController.swift in Sources */ = {isa = PBXBuildFile; fileRef = F909ABE61AC7BBA600505086 /* BeaconViewController.swift */; };
		F909ABE91AC87A8D00505086 /* BeaconDetailsViewController.swift in Sources */ = {isa = PBXBuildFile; fileRef = F909ABE81AC87A8D00505086 /* BeaconDetailsViewController.swift */; };
		F909ABEB1AC8C56D00505086 /* BeaconDemoViewController.swift in Sources */ = {isa = PBXBuildFile; fileRef = F909ABEA1AC8C56D00505086 /* BeaconDemoViewController.swift */; };
		F90C1C281AD6128B00444F8A /* DetailViewController.swift in Sources */ = {isa = PBXBuildFile; fileRef = F90C1C271AD6128B00444F8A /* DetailViewController.swift */; };
		F9209FEB1ABE545F00CCF6B7 /* TASSViewController.swift in Sources */ = {isa = PBXBuildFile; fileRef = F9209FEA1ABE545F00CCF6B7 /* TASSViewController.swift */; };
		F9209FED1ABE547200CCF6B7 /* AdvancedLessonsViewController.swift in Sources */ = {isa = PBXBuildFile; fileRef = F9209FEC1ABE547200CCF6B7 /* AdvancedLessonsViewController.swift */; };
		F9209FEF1ABE549C00CCF6B7 /* BasicShotDetailViewController.swift in Sources */ = {isa = PBXBuildFile; fileRef = F9209FEE1ABE549C00CCF6B7 /* BasicShotDetailViewController.swift */; };
		F9209FF11ABE54B100CCF6B7 /* BasicShot.swift in Sources */ = {isa = PBXBuildFile; fileRef = F9209FF01ABE54B100CCF6B7 /* BasicShot.swift */; };
		F9209FF51ABE58D900CCF6B7 /* Bolts.framework in Frameworks */ = {isa = PBXBuildFile; fileRef = F9209FF21ABE58D900CCF6B7 /* Bolts.framework */; };
		F9209FF61ABE58D900CCF6B7 /* Parse.framework in Frameworks */ = {isa = PBXBuildFile; fileRef = F9209FF31ABE58D900CCF6B7 /* Parse.framework */; };
		F9209FF71ABE58D900CCF6B7 /* ParseUI.framework in Frameworks */ = {isa = PBXBuildFile; fileRef = F9209FF41ABE58D900CCF6B7 /* ParseUI.framework */; };
		F9209FF91ABE5BE200CCF6B7 /* AudioToolbox.framework in Frameworks */ = {isa = PBXBuildFile; fileRef = F9209FF81ABE5BE200CCF6B7 /* AudioToolbox.framework */; };
		F940EEDD1ACA44A500E635FD /* CourtSideBeaconViewController.swift in Sources */ = {isa = PBXBuildFile; fileRef = F940EEDC1ACA44A500E635FD /* CourtSideBeaconViewController.swift */; };
		F940EEDF1ACA44E900E635FD /* CourtSideBeaconTableViewController.swift in Sources */ = {isa = PBXBuildFile; fileRef = F940EEDE1ACA44E900E635FD /* CourtSideBeaconTableViewController.swift */; };
		F940EEE11ACA699700E635FD /* tos_beep.caf in Resources */ = {isa = PBXBuildFile; fileRef = F940EEE01ACA699700E635FD /* tos_beep.caf */; };
		F940EEE31ACA7BAA00E635FD /* TestViewController.swift in Sources */ = {isa = PBXBuildFile; fileRef = F940EEE21ACA7BAA00E635FD /* TestViewController.swift */; };
		F940EEE51ACA81A400E635FD /* StandardTableViewController.swift in Sources */ = {isa = PBXBuildFile; fileRef = F940EEE41ACA81A400E635FD /* StandardTableViewController.swift */; };
		F958BF5E1AC7A5EC00237A45 /* EstimoteSDK.framework in Frameworks */ = {isa = PBXBuildFile; fileRef = F958BF531AC7A5EC00237A45 /* EstimoteSDK.framework */; };
		F958BF5F1AC7A5EC00237A45 /* LICENSE in Resources */ = {isa = PBXBuildFile; fileRef = F958BF541AC7A5EC00237A45 /* LICENSE */; };
		F958BF601AC7A5EC00237A45 /* README.md in Sources */ = {isa = PBXBuildFile; fileRef = F958BF551AC7A5EC00237A45 /* README.md */; };
		F958BF611AC7A5EC00237A45 /* LICENSE in Resources */ = {isa = PBXBuildFile; fileRef = F958BF591AC7A5EC00237A45 /* LICENSE */; };
		F958BF621AC7A5EC00237A45 /* README.md in Sources */ = {isa = PBXBuildFile; fileRef = F958BF5A1AC7A5EC00237A45 /* README.md */; };
		F958BF631AC7A5EC00237A45 /* SwiftyJSON.swift in Sources */ = {isa = PBXBuildFile; fileRef = F958BF5C1AC7A5EC00237A45 /* SwiftyJSON.swift */; };
		F958BF651AC7A60500237A45 /* podfile in Resources */ = {isa = PBXBuildFile; fileRef = F958BF641AC7A60500237A45 /* podfile */; };
		F958BF671AC7A6F800237A45 /* libEstimoteSDK.a in Frameworks */ = {isa = PBXBuildFile; fileRef = F958BF661AC7A6F800237A45 /* libEstimoteSDK.a */; };
		F958BF831AC7A7C500237A45 /* libEstimoteSDK.a in Frameworks */ = {isa = PBXBuildFile; fileRef = F958BF821AC7A7C500237A45 /* libEstimoteSDK.a */; };
		F98319641AA3EE3C00DF59C7 /* BasicShotsViewController.swift in Sources */ = {isa = PBXBuildFile; fileRef = F98319631AA3EE3C00DF59C7 /* BasicShotsViewController.swift */; };
		F98654D81AD5C31600093135 /* TableViewController.swift in Sources */ = {isa = PBXBuildFile; fileRef = F98654D71AD5C31600093135 /* TableViewController.swift */; };
		F98DADF01AC68A64000AC0C4 /* CourtSideViewController.swift in Sources */ = {isa = PBXBuildFile; fileRef = F98DADEF1AC68A64000AC0C4 /* CourtSideViewController.swift */; };
		F9B20B4F1A9E3BC6002D99F4 /* AppDelegate.swift in Sources */ = {isa = PBXBuildFile; fileRef = F9B20B4E1A9E3BC6002D99F4 /* AppDelegate.swift */; };
		F9B20B541A9E3BC6002D99F4 /* Main.storyboard in Resources */ = {isa = PBXBuildFile; fileRef = F9B20B521A9E3BC6002D99F4 /* Main.storyboard */; };
		F9B20B561A9E3BC6002D99F4 /* Images.xcassets in Resources */ = {isa = PBXBuildFile; fileRef = F9B20B551A9E3BC6002D99F4 /* Images.xcassets */; };
		F9B20B591A9E3BC6002D99F4 /* LaunchScreen.xib in Resources */ = {isa = PBXBuildFile; fileRef = F9B20B571A9E3BC6002D99F4 /* LaunchScreen.xib */; };
		F9B20B651A9E3BC6002D99F4 /* TEPLZ_Racquetball___1_0Tests.swift in Sources */ = {isa = PBXBuildFile; fileRef = F9B20B641A9E3BC6002D99F4 /* TEPLZ_Racquetball___1_0Tests.swift */; };
		F9B20B6F1A9E4795002D99F4 /* QuickPlay.swift in Sources */ = {isa = PBXBuildFile; fileRef = F9B20B6E1A9E4795002D99F4 /* QuickPlay.swift */; };
		F9B20B711A9E48B7002D99F4 /* QuickPlayTableViewController.swift in Sources */ = {isa = PBXBuildFile; fileRef = F9B20B701A9E48B7002D99F4 /* QuickPlayTableViewController.swift */; };
		F9B20B731A9E4904002D99F4 /* QuickPlayDetailsViewController.swift in Sources */ = {isa = PBXBuildFile; fileRef = F9B20B721A9E4904002D99F4 /* QuickPlayDetailsViewController.swift */; };
		F9B20B751A9E4940002D99F4 /* VideoViewController.swift in Sources */ = {isa = PBXBuildFile; fileRef = F9B20B741A9E4940002D99F4 /* VideoViewController.swift */; };
		F9D01FFF1AC10A4E0047120B /* QuickPlayTableViewCell.swift in Sources */ = {isa = PBXBuildFile; fileRef = F9D01FFE1AC10A4E0047120B /* QuickPlayTableViewCell.swift */; };
		F9D020011AC131A50047120B /* BasicShotsTableViewCell.swift in Sources */ = {isa = PBXBuildFile; fileRef = F9D020001AC131A50047120B /* BasicShotsTableViewCell.swift */; };
		F9E400961AB6253100B9C9BA /* Accounts.framework in Frameworks */ = {isa = PBXBuildFile; fileRef = F9E400951AB6253100B9C9BA /* Accounts.framework */; };
		F9E400A11AB625AB00B9C9BA /* CFNetwork.framework in Frameworks */ = {isa = PBXBuildFile; fileRef = F9E400971AB625AB00B9C9BA /* CFNetwork.framework */; };
		F9E400A21AB625AB00B9C9BA /* CoreData.framework in Frameworks */ = {isa = PBXBuildFile; fileRef = F9E400981AB625AB00B9C9BA /* CoreData.framework */; };
		F9E400A31AB625AB00B9C9BA /* CoreFoundation.framework in Frameworks */ = {isa = PBXBuildFile; fileRef = F9E400991AB625AB00B9C9BA /* CoreFoundation.framework */; };
		F9E400A41AB625AB00B9C9BA /* CoreGraphics.framework in Frameworks */ = {isa = PBXBuildFile; fileRef = F9E4009A1AB625AB00B9C9BA /* CoreGraphics.framework */; };
		F9E400A51AB625AB00B9C9BA /* CoreLocation.framework in Frameworks */ = {isa = PBXBuildFile; fileRef = F9E4009B1AB625AB00B9C9BA /* CoreLocation.framework */; };
		F9E400A61AB625AB00B9C9BA /* MobileCoreServices.framework in Frameworks */ = {isa = PBXBuildFile; fileRef = F9E4009C1AB625AB00B9C9BA /* MobileCoreServices.framework */; };
		F9E400A71AB625AB00B9C9BA /* QuartzCore.framework in Frameworks */ = {isa = PBXBuildFile; fileRef = F9E4009D1AB625AB00B9C9BA /* QuartzCore.framework */; };
		F9E400A81AB625AB00B9C9BA /* Social.framework in Frameworks */ = {isa = PBXBuildFile; fileRef = F9E4009E1AB625AB00B9C9BA /* Social.framework */; };
		F9E400A91AB625AB00B9C9BA /* SystemConfiguration.framework in Frameworks */ = {isa = PBXBuildFile; fileRef = F9E4009F1AB625AB00B9C9BA /* SystemConfiguration.framework */; };
		F9E400AA1AB625AB00B9C9BA /* UIKit.framework in Frameworks */ = {isa = PBXBuildFile; fileRef = F9E400A01AB625AB00B9C9BA /* UIKit.framework */; };
		F9E400AC1AB625C800B9C9BA /* libsqlite3.dylib in Frameworks */ = {isa = PBXBuildFile; fileRef = F9E400AB1AB625C800B9C9BA /* libsqlite3.dylib */; };
		F9E400AE1AB625DE00B9C9BA /* Foundation.framework in Frameworks */ = {isa = PBXBuildFile; fileRef = F9E400AD1AB625DE00B9C9BA /* Foundation.framework */; };
		F9E400B01AB625FF00B9C9BA /* Security.framework in Frameworks */ = {isa = PBXBuildFile; fileRef = F9E400AF1AB625FF00B9C9BA /* Security.framework */; };
		F9E400B21AB6261000B9C9BA /* libz.dylib in Frameworks */ = {isa = PBXBuildFile; fileRef = F9E400B11AB6261000B9C9BA /* libz.dylib */; };
/* End PBXBuildFile section */

/* Begin PBXContainerItemProxy section */
		F9B20B5F1A9E3BC6002D99F4 /* PBXContainerItemProxy */ = {
			isa = PBXContainerItemProxy;
			containerPortal = F9B20B411A9E3BC6002D99F4 /* Project object */;
			proxyType = 1;
			remoteGlobalIDString = F9B20B481A9E3BC6002D99F4;
			remoteInfo = "TEPLZ Racquetball - 1.0";
		};
/* End PBXContainerItemProxy section */

/* Begin PBXFileReference section */
		F90735AE1ABE4EB100657310 /* SignUpViewController.swift */ = {isa = PBXFileReference; fileEncoding = 4; lastKnownFileType = sourcecode.swift; path = SignUpViewController.swift; sourceTree = "<group>"; };
		F90735B01ABE4F0200657310 /* LeaderboardViewController.swift */ = {isa = PBXFileReference; fileEncoding = 4; lastKnownFileType = sourcecode.swift; path = LeaderboardViewController.swift; sourceTree = "<group>"; };
		F90735B41ABE4FBA00657310 /* EnterMatchStatsViewController.swift */ = {isa = PBXFileReference; fileEncoding = 4; lastKnownFileType = sourcecode.swift; path = EnterMatchStatsViewController.swift; sourceTree = "<group>"; };
		F90735B61ABE501900657310 /* MyStatsViewController.swift */ = {isa = PBXFileReference; fileEncoding = 4; lastKnownFileType = sourcecode.swift; path = MyStatsViewController.swift; sourceTree = "<group>"; };
		F909ABE61AC7BBA600505086 /* BeaconViewController.swift */ = {isa = PBXFileReference; fileEncoding = 4; lastKnownFileType = sourcecode.swift; name = BeaconViewController.swift; path = ../BeaconViewController.swift; sourceTree = "<group>"; };
		F909ABE81AC87A8D00505086 /* BeaconDetailsViewController.swift */ = {isa = PBXFileReference; fileEncoding = 4; lastKnownFileType = sourcecode.swift; path = BeaconDetailsViewController.swift; sourceTree = "<group>"; };
		F909ABEA1AC8C56D00505086 /* BeaconDemoViewController.swift */ = {isa = PBXFileReference; fileEncoding = 4; lastKnownFileType = sourcecode.swift; name = BeaconDemoViewController.swift; path = ../BeaconDemoViewController.swift; sourceTree = "<group>"; };
		F90C1C271AD6128B00444F8A /* DetailViewController.swift */ = {isa = PBXFileReference; fileEncoding = 4; lastKnownFileType = sourcecode.swift; path = DetailViewController.swift; sourceTree = "<group>"; };
		F9209FEA1ABE545F00CCF6B7 /* TASSViewController.swift */ = {isa = PBXFileReference; fileEncoding = 4; lastKnownFileType = sourcecode.swift; path = TASSViewController.swift; sourceTree = "<group>"; };
		F9209FEC1ABE547200CCF6B7 /* AdvancedLessonsViewController.swift */ = {isa = PBXFileReference; fileEncoding = 4; lastKnownFileType = sourcecode.swift; path = AdvancedLessonsViewController.swift; sourceTree = "<group>"; };
		F9209FEE1ABE549C00CCF6B7 /* BasicShotDetailViewController.swift */ = {isa = PBXFileReference; fileEncoding = 4; lastKnownFileType = sourcecode.swift; path = BasicShotDetailViewController.swift; sourceTree = "<group>"; };
		F9209FF01ABE54B100CCF6B7 /* BasicShot.swift */ = {isa = PBXFileReference; fileEncoding = 4; lastKnownFileType = sourcecode.swift; path = BasicShot.swift; sourceTree = "<group>"; };
		F9209FF21ABE58D900CCF6B7 /* Bolts.framework */ = {isa = PBXFileReference; lastKnownFileType = wrapper.framework; path = Bolts.framework; sourceTree = "<group>"; };
		F9209FF31ABE58D900CCF6B7 /* Parse.framework */ = {isa = PBXFileReference; lastKnownFileType = wrapper.framework; path = Parse.framework; sourceTree = "<group>"; };
		F9209FF41ABE58D900CCF6B7 /* ParseUI.framework */ = {isa = PBXFileReference; lastKnownFileType = wrapper.framework; path = ParseUI.framework; sourceTree = "<group>"; };
		F9209FF81ABE5BE200CCF6B7 /* AudioToolbox.framework */ = {isa = PBXFileReference; lastKnownFileType = wrapper.framework; name = AudioToolbox.framework; path = System/Library/Frameworks/AudioToolbox.framework; sourceTree = SDKROOT; };
		F940EEDC1ACA44A500E635FD /* CourtSideBeaconViewController.swift */ = {isa = PBXFileReference; fileEncoding = 4; lastKnownFileType = sourcecode.swift; path = CourtSideBeaconViewController.swift; sourceTree = "<group>"; };
		F940EEDE1ACA44E900E635FD /* CourtSideBeaconTableViewController.swift */ = {isa = PBXFileReference; fileEncoding = 4; lastKnownFileType = sourcecode.swift; path = CourtSideBeaconTableViewController.swift; sourceTree = "<group>"; };
		F940EEE01ACA699700E635FD /* tos_beep.caf */ = {isa = PBXFileReference; lastKnownFileType = file; path = tos_beep.caf; sourceTree = "<group>"; };
		F940EEE21ACA7BAA00E635FD /* TestViewController.swift */ = {isa = PBXFileReference; fileEncoding = 4; lastKnownFileType = sourcecode.swift; path = TestViewController.swift; sourceTree = "<group>"; };
		F940EEE41ACA81A400E635FD /* StandardTableViewController.swift */ = {isa = PBXFileReference; fileEncoding = 4; lastKnownFileType = sourcecode.swift; path = StandardTableViewController.swift; sourceTree = "<group>"; };
		F958BF531AC7A5EC00237A45 /* EstimoteSDK.framework */ = {isa = PBXFileReference; lastKnownFileType = wrapper.framework; path = EstimoteSDK.framework; sourceTree = "<group>"; };
		F958BF541AC7A5EC00237A45 /* LICENSE */ = {isa = PBXFileReference; fileEncoding = 4; lastKnownFileType = text; path = LICENSE; sourceTree = "<group>"; };
		F958BF551AC7A5EC00237A45 /* README.md */ = {isa = PBXFileReference; fileEncoding = 4; lastKnownFileType = net.daringfireball.markdown; path = README.md; sourceTree = "<group>"; };
		F958BF591AC7A5EC00237A45 /* LICENSE */ = {isa = PBXFileReference; fileEncoding = 4; lastKnownFileType = text; path = LICENSE; sourceTree = "<group>"; };
		F958BF5A1AC7A5EC00237A45 /* README.md */ = {isa = PBXFileReference; fileEncoding = 4; lastKnownFileType = net.daringfireball.markdown; path = README.md; sourceTree = "<group>"; };
		F958BF5C1AC7A5EC00237A45 /* SwiftyJSON.swift */ = {isa = PBXFileReference; fileEncoding = 4; lastKnownFileType = sourcecode.swift; path = SwiftyJSON.swift; sourceTree = "<group>"; };
		F958BF641AC7A60500237A45 /* podfile */ = {isa = PBXFileReference; fileEncoding = 4; lastKnownFileType = text; path = podfile; sourceTree = "<group>"; };
		F958BF661AC7A6F800237A45 /* libEstimoteSDK.a */ = {isa = PBXFileReference; lastKnownFileType = archive.ar; name = libEstimoteSDK.a; path = "../../../../Downloads/iOS-SDK-master/EstimoteSDK/libEstimoteSDK.a"; sourceTree = "<group>"; };
		F958BF6A1AC7A7C500237A45 /* ESTBeacon.h */ = {isa = PBXFileReference; fileEncoding = 4; lastKnownFileType = sourcecode.c.h; path = ESTBeacon.h; sourceTree = "<group>"; };
		F958BF6B1AC7A7C500237A45 /* ESTBeaconDefinitions.h */ = {isa = PBXFileReference; fileEncoding = 4; lastKnownFileType = sourcecode.c.h; path = ESTBeaconDefinitions.h; sourceTree = "<group>"; };
		F958BF6C1AC7A7C500237A45 /* ESTBeaconFirmwareVO.h */ = {isa = PBXFileReference; fileEncoding = 4; lastKnownFileType = sourcecode.c.h; path = ESTBeaconFirmwareVO.h; sourceTree = "<group>"; };
		F958BF6D1AC7A7C500237A45 /* ESTBeaconManager.h */ = {isa = PBXFileReference; fileEncoding = 4; lastKnownFileType = sourcecode.c.h; path = ESTBeaconManager.h; sourceTree = "<group>"; };
		F958BF6E1AC7A7C500237A45 /* ESTBeaconRegion.h */ = {isa = PBXFileReference; fileEncoding = 4; lastKnownFileType = sourcecode.c.h; path = ESTBeaconRegion.h; sourceTree = "<group>"; };
		F958BF6F1AC7A7C500237A45 /* ESTBeaconUpdateConfig.h */ = {isa = PBXFileReference; fileEncoding = 4; lastKnownFileType = sourcecode.c.h; path = ESTBeaconUpdateConfig.h; sourceTree = "<group>"; };
		F958BF701AC7A7C500237A45 /* ESTBeaconUpdateInfo.h */ = {isa = PBXFileReference; fileEncoding = 4; lastKnownFileType = sourcecode.c.h; path = ESTBeaconUpdateInfo.h; sourceTree = "<group>"; };
		F958BF711AC7A7C500237A45 /* ESTBeaconVO.h */ = {isa = PBXFileReference; fileEncoding = 4; lastKnownFileType = sourcecode.c.h; path = ESTBeaconVO.h; sourceTree = "<group>"; };
		F958BF721AC7A7C500237A45 /* ESTBulkUpdater.h */ = {isa = PBXFileReference; fileEncoding = 4; lastKnownFileType = sourcecode.c.h; path = ESTBulkUpdater.h; sourceTree = "<group>"; };
		F958BF731AC7A7C500237A45 /* ESTConfig.h */ = {isa = PBXFileReference; fileEncoding = 4; lastKnownFileType = sourcecode.c.h; path = ESTConfig.h; sourceTree = "<group>"; };
		F958BF741AC7A7C500237A45 /* ESTDateRule.h */ = {isa = PBXFileReference; fileEncoding = 4; lastKnownFileType = sourcecode.c.h; path = ESTDateRule.h; sourceTree = "<group>"; };
		F958BF751AC7A7C500237A45 /* ESTDefinitions.h */ = {isa = PBXFileReference; fileEncoding = 4; lastKnownFileType = sourcecode.c.h; path = ESTDefinitions.h; sourceTree = "<group>"; };
		F958BF761AC7A7C500237A45 /* ESTFirmwareInfoVO.h */ = {isa = PBXFileReference; fileEncoding = 4; lastKnownFileType = sourcecode.c.h; path = ESTFirmwareInfoVO.h; sourceTree = "<group>"; };
		F958BF771AC7A7C500237A45 /* ESTMotionRule.h */ = {isa = PBXFileReference; fileEncoding = 4; lastKnownFileType = sourcecode.c.h; path = ESTMotionRule.h; sourceTree = "<group>"; };
		F958BF781AC7A7C500237A45 /* ESTNearable.h */ = {isa = PBXFileReference; fileEncoding = 4; lastKnownFileType = sourcecode.c.h; path = ESTNearable.h; sourceTree = "<group>"; };
		F958BF791AC7A7C500237A45 /* ESTNearableDefinitions.h */ = {isa = PBXFileReference; fileEncoding = 4; lastKnownFileType = sourcecode.c.h; path = ESTNearableDefinitions.h; sourceTree = "<group>"; };
		F958BF7A1AC7A7C500237A45 /* ESTNearableManager.h */ = {isa = PBXFileReference; fileEncoding = 4; lastKnownFileType = sourcecode.c.h; path = ESTNearableManager.h; sourceTree = "<group>"; };
		F958BF7B1AC7A7C500237A45 /* ESTNearableRule.h */ = {isa = PBXFileReference; fileEncoding = 4; lastKnownFileType = sourcecode.c.h; path = ESTNearableRule.h; sourceTree = "<group>"; };
		F958BF7C1AC7A7C500237A45 /* ESTOrientationRule.h */ = {isa = PBXFileReference; fileEncoding = 4; lastKnownFileType = sourcecode.c.h; path = ESTOrientationRule.h; sourceTree = "<group>"; };
		F958BF7D1AC7A7C500237A45 /* ESTProximityRule.h */ = {isa = PBXFileReference; fileEncoding = 4; lastKnownFileType = sourcecode.c.h; path = ESTProximityRule.h; sourceTree = "<group>"; };
		F958BF7E1AC7A7C500237A45 /* ESTRule.h */ = {isa = PBXFileReference; fileEncoding = 4; lastKnownFileType = sourcecode.c.h; path = ESTRule.h; sourceTree = "<group>"; };
		F958BF7F1AC7A7C500237A45 /* ESTTemperatureRule.h */ = {isa = PBXFileReference; fileEncoding = 4; lastKnownFileType = sourcecode.c.h; path = ESTTemperatureRule.h; sourceTree = "<group>"; };
		F958BF801AC7A7C500237A45 /* ESTTrigger.h */ = {isa = PBXFileReference; fileEncoding = 4; lastKnownFileType = sourcecode.c.h; path = ESTTrigger.h; sourceTree = "<group>"; };
		F958BF811AC7A7C500237A45 /* ESTTriggerManager.h */ = {isa = PBXFileReference; fileEncoding = 4; lastKnownFileType = sourcecode.c.h; path = ESTTriggerManager.h; sourceTree = "<group>"; };
		F958BF821AC7A7C500237A45 /* libEstimoteSDK.a */ = {isa = PBXFileReference; lastKnownFileType = archive.ar; path = libEstimoteSDK.a; sourceTree = "<group>"; };
		F958BF841AC7A89C00237A45 /* Estimote-Bridging-Header.h */ = {isa = PBXFileReference; lastKnownFileType = sourcecode.c.h; path = "Estimote-Bridging-Header.h"; sourceTree = "<group>"; };
		F958BF851AC7AD8100237A45 /* SwiftyJSON.h */ = {isa = PBXFileReference; lastKnownFileType = sourcecode.c.h; name = SwiftyJSON.h; path = ../SwiftyJSON.h; sourceTree = "<group>"; };
		F98319631AA3EE3C00DF59C7 /* BasicShotsViewController.swift */ = {isa = PBXFileReference; fileEncoding = 4; lastKnownFileType = sourcecode.swift; path = BasicShotsViewController.swift; sourceTree = "<group>"; };
		F98654D71AD5C31600093135 /* TableViewController.swift */ = {isa = PBXFileReference; fileEncoding = 4; lastKnownFileType = sourcecode.swift; path = TableViewController.swift; sourceTree = "<group>"; };
		F98DADEF1AC68A64000AC0C4 /* CourtSideViewController.swift */ = {isa = PBXFileReference; fileEncoding = 4; lastKnownFileType = sourcecode.swift; name = CourtSideViewController.swift; path = ../CourtSideViewController.swift; sourceTree = "<group>"; };
		F9B20B491A9E3BC6002D99F4 /* TEPLZ Racquetball - 1.0.app */ = {isa = PBXFileReference; explicitFileType = wrapper.application; includeInIndex = 0; path = "TEPLZ Racquetball - 1.0.app"; sourceTree = BUILT_PRODUCTS_DIR; };
		F9B20B4D1A9E3BC6002D99F4 /* Info.plist */ = {isa = PBXFileReference; lastKnownFileType = text.plist.xml; path = Info.plist; sourceTree = "<group>"; };
		F9B20B4E1A9E3BC6002D99F4 /* AppDelegate.swift */ = {isa = PBXFileReference; lastKnownFileType = sourcecode.swift; path = AppDelegate.swift; sourceTree = "<group>"; };
		F9B20B531A9E3BC6002D99F4 /* Base */ = {isa = PBXFileReference; lastKnownFileType = file.storyboard; name = Base; path = Base.lproj/Main.storyboard; sourceTree = "<group>"; };
		F9B20B551A9E3BC6002D99F4 /* Images.xcassets */ = {isa = PBXFileReference; lastKnownFileType = folder.assetcatalog; path = Images.xcassets; sourceTree = "<group>"; };
		F9B20B581A9E3BC6002D99F4 /* Base */ = {isa = PBXFileReference; lastKnownFileType = file.xib; name = Base; path = Base.lproj/LaunchScreen.xib; sourceTree = "<group>"; };
		F9B20B5E1A9E3BC6002D99F4 /* TEPLZ Racquetball - 1.0Tests.xctest */ = {isa = PBXFileReference; explicitFileType = wrapper.cfbundle; includeInIndex = 0; path = "TEPLZ Racquetball - 1.0Tests.xctest"; sourceTree = BUILT_PRODUCTS_DIR; };
		F9B20B631A9E3BC6002D99F4 /* Info.plist */ = {isa = PBXFileReference; lastKnownFileType = text.plist.xml; path = Info.plist; sourceTree = "<group>"; };
		F9B20B641A9E3BC6002D99F4 /* TEPLZ_Racquetball___1_0Tests.swift */ = {isa = PBXFileReference; lastKnownFileType = sourcecode.swift; path = "TEPLZ_Racquetball___1_0Tests.swift"; sourceTree = "<group>"; };
		F9B20B6E1A9E4795002D99F4 /* QuickPlay.swift */ = {isa = PBXFileReference; fileEncoding = 4; lastKnownFileType = sourcecode.swift; path = QuickPlay.swift; sourceTree = "<group>"; };
		F9B20B701A9E48B7002D99F4 /* QuickPlayTableViewController.swift */ = {isa = PBXFileReference; fileEncoding = 4; lastKnownFileType = sourcecode.swift; path = QuickPlayTableViewController.swift; sourceTree = "<group>"; };
		F9B20B721A9E4904002D99F4 /* QuickPlayDetailsViewController.swift */ = {isa = PBXFileReference; fileEncoding = 4; lastKnownFileType = sourcecode.swift; path = QuickPlayDetailsViewController.swift; sourceTree = "<group>"; };
		F9B20B741A9E4940002D99F4 /* VideoViewController.swift */ = {isa = PBXFileReference; fileEncoding = 4; lastKnownFileType = sourcecode.swift; path = VideoViewController.swift; sourceTree = "<group>"; };
		F9D01FFE1AC10A4E0047120B /* QuickPlayTableViewCell.swift */ = {isa = PBXFileReference; fileEncoding = 4; lastKnownFileType = sourcecode.swift; path = QuickPlayTableViewCell.swift; sourceTree = "<group>"; };
		F9D020001AC131A50047120B /* BasicShotsTableViewCell.swift */ = {isa = PBXFileReference; fileEncoding = 4; lastKnownFileType = sourcecode.swift; path = BasicShotsTableViewCell.swift; sourceTree = "<group>"; };
		F9E4008F1AB6248900B9C9BA /* Bolts.framework */ = {isa = PBXFileReference; lastKnownFileType = wrapper.framework; name = Bolts.framework; path = ../Bolts.framework; sourceTree = "<group>"; };
		F9E400901AB6248900B9C9BA /* Parse.framework */ = {isa = PBXFileReference; lastKnownFileType = wrapper.framework; name = Parse.framework; path = ../Parse.framework; sourceTree = "<group>"; };
		F9E400911AB6248900B9C9BA /* ParseUI.framework */ = {isa = PBXFileReference; lastKnownFileType = wrapper.framework; name = ParseUI.framework; path = ../ParseUI.framework; sourceTree = "<group>"; };
		F9E400951AB6253100B9C9BA /* Accounts.framework */ = {isa = PBXFileReference; lastKnownFileType = wrapper.framework; name = Accounts.framework; path = System/Library/Frameworks/Accounts.framework; sourceTree = SDKROOT; };
		F9E400971AB625AB00B9C9BA /* CFNetwork.framework */ = {isa = PBXFileReference; lastKnownFileType = wrapper.framework; name = CFNetwork.framework; path = System/Library/Frameworks/CFNetwork.framework; sourceTree = SDKROOT; };
		F9E400981AB625AB00B9C9BA /* CoreData.framework */ = {isa = PBXFileReference; lastKnownFileType = wrapper.framework; name = CoreData.framework; path = System/Library/Frameworks/CoreData.framework; sourceTree = SDKROOT; };
		F9E400991AB625AB00B9C9BA /* CoreFoundation.framework */ = {isa = PBXFileReference; lastKnownFileType = wrapper.framework; name = CoreFoundation.framework; path = System/Library/Frameworks/CoreFoundation.framework; sourceTree = SDKROOT; };
		F9E4009A1AB625AB00B9C9BA /* CoreGraphics.framework */ = {isa = PBXFileReference; lastKnownFileType = wrapper.framework; name = CoreGraphics.framework; path = System/Library/Frameworks/CoreGraphics.framework; sourceTree = SDKROOT; };
		F9E4009B1AB625AB00B9C9BA /* CoreLocation.framework */ = {isa = PBXFileReference; lastKnownFileType = wrapper.framework; name = CoreLocation.framework; path = System/Library/Frameworks/CoreLocation.framework; sourceTree = SDKROOT; };
		F9E4009C1AB625AB00B9C9BA /* MobileCoreServices.framework */ = {isa = PBXFileReference; lastKnownFileType = wrapper.framework; name = MobileCoreServices.framework; path = System/Library/Frameworks/MobileCoreServices.framework; sourceTree = SDKROOT; };
		F9E4009D1AB625AB00B9C9BA /* QuartzCore.framework */ = {isa = PBXFileReference; lastKnownFileType = wrapper.framework; name = QuartzCore.framework; path = System/Library/Frameworks/QuartzCore.framework; sourceTree = SDKROOT; };
		F9E4009E1AB625AB00B9C9BA /* Social.framework */ = {isa = PBXFileReference; lastKnownFileType = wrapper.framework; name = Social.framework; path = System/Library/Frameworks/Social.framework; sourceTree = SDKROOT; };
		F9E4009F1AB625AB00B9C9BA /* SystemConfiguration.framework */ = {isa = PBXFileReference; lastKnownFileType = wrapper.framework; name = SystemConfiguration.framework; path = System/Library/Frameworks/SystemConfiguration.framework; sourceTree = SDKROOT; };
		F9E400A01AB625AB00B9C9BA /* UIKit.framework */ = {isa = PBXFileReference; lastKnownFileType = wrapper.framework; name = UIKit.framework; path = System/Library/Frameworks/UIKit.framework; sourceTree = SDKROOT; };
		F9E400AB1AB625C800B9C9BA /* libsqlite3.dylib */ = {isa = PBXFileReference; lastKnownFileType = "compiled.mach-o.dylib"; name = libsqlite3.dylib; path = usr/lib/libsqlite3.dylib; sourceTree = SDKROOT; };
		F9E400AD1AB625DE00B9C9BA /* Foundation.framework */ = {isa = PBXFileReference; lastKnownFileType = wrapper.framework; name = Foundation.framework; path = System/Library/Frameworks/Foundation.framework; sourceTree = SDKROOT; };
		F9E400AF1AB625FF00B9C9BA /* Security.framework */ = {isa = PBXFileReference; lastKnownFileType = wrapper.framework; name = Security.framework; path = System/Library/Frameworks/Security.framework; sourceTree = SDKROOT; };
		F9E400B11AB6261000B9C9BA /* libz.dylib */ = {isa = PBXFileReference; lastKnownFileType = "compiled.mach-o.dylib"; name = libz.dylib; path = usr/lib/libz.dylib; sourceTree = SDKROOT; };
		F9E400B41AB628E000B9C9BA /* TEPLZRacquetball-Bridge-Header.h */ = {isa = PBXFileReference; lastKnownFileType = sourcecode.c.h; path = "TEPLZRacquetball-Bridge-Header.h"; sourceTree = "<group>"; };
/* End PBXFileReference section */

/* Begin PBXFrameworksBuildPhase section */
		F9B20B461A9E3BC6002D99F4 /* Frameworks */ = {
			isa = PBXFrameworksBuildPhase;
			buildActionMask = 2147483647;
			files = (
				F958BF831AC7A7C500237A45 /* libEstimoteSDK.a in Frameworks */,
				F958BF671AC7A6F800237A45 /* libEstimoteSDK.a in Frameworks */,
				F9209FF91ABE5BE200CCF6B7 /* AudioToolbox.framework in Frameworks */,
				F958BF5E1AC7A5EC00237A45 /* EstimoteSDK.framework in Frameworks */,
				F9E400B21AB6261000B9C9BA /* libz.dylib in Frameworks */,
				F9209FF51ABE58D900CCF6B7 /* Bolts.framework in Frameworks */,
				F9E400B01AB625FF00B9C9BA /* Security.framework in Frameworks */,
				F9E400AE1AB625DE00B9C9BA /* Foundation.framework in Frameworks */,
				F9E400AC1AB625C800B9C9BA /* libsqlite3.dylib in Frameworks */,
				F9E400A11AB625AB00B9C9BA /* CFNetwork.framework in Frameworks */,
				F9E400A21AB625AB00B9C9BA /* CoreData.framework in Frameworks */,
				F9E400A31AB625AB00B9C9BA /* CoreFoundation.framework in Frameworks */,
				F9E400A41AB625AB00B9C9BA /* CoreGraphics.framework in Frameworks */,
				F9209FF71ABE58D900CCF6B7 /* ParseUI.framework in Frameworks */,
				F9E400A51AB625AB00B9C9BA /* CoreLocation.framework in Frameworks */,
				F9E400A61AB625AB00B9C9BA /* MobileCoreServices.framework in Frameworks */,
				F9E400A71AB625AB00B9C9BA /* QuartzCore.framework in Frameworks */,
				F9E400A81AB625AB00B9C9BA /* Social.framework in Frameworks */,
				F9E400A91AB625AB00B9C9BA /* SystemConfiguration.framework in Frameworks */,
				F9209FF61ABE58D900CCF6B7 /* Parse.framework in Frameworks */,
				F9E400AA1AB625AB00B9C9BA /* UIKit.framework in Frameworks */,
				F9E400961AB6253100B9C9BA /* Accounts.framework in Frameworks */,
			);
			runOnlyForDeploymentPostprocessing = 0;
		};
		F9B20B5B1A9E3BC6002D99F4 /* Frameworks */ = {
			isa = PBXFrameworksBuildPhase;
			buildActionMask = 2147483647;
			files = (
			);
			runOnlyForDeploymentPostprocessing = 0;
		};
/* End PBXFrameworksBuildPhase section */

/* Begin PBXGroup section */
		F958BF501AC7A5EC00237A45 /* Pods */ = {
			isa = PBXGroup;
			children = (
				F958BF511AC7A5EC00237A45 /* EstimoteSDK */,
				F958BF561AC7A5EC00237A45 /* Headers */,
				F958BF571AC7A5EC00237A45 /* Local Podspecs */,
				F958BF581AC7A5EC00237A45 /* SwiftyJSON */,
				F958BF5D1AC7A5EC00237A45 /* Target Support Files */,
			);
			path = Pods;
			sourceTree = "<group>";
		};
		F958BF511AC7A5EC00237A45 /* EstimoteSDK */ = {
			isa = PBXGroup;
			children = (
				F958BF521AC7A5EC00237A45 /* EstimoteSDK */,
				F958BF541AC7A5EC00237A45 /* LICENSE */,
				F958BF551AC7A5EC00237A45 /* README.md */,
				F958BF841AC7A89C00237A45 /* Estimote-Bridging-Header.h */,
			);
			path = EstimoteSDK;
			sourceTree = "<group>";
		};
		F958BF521AC7A5EC00237A45 /* EstimoteSDK */ = {
			isa = PBXGroup;
			children = (
				F958BF531AC7A5EC00237A45 /* EstimoteSDK.framework */,
			);
			path = EstimoteSDK;
			sourceTree = "<group>";
		};
		F958BF561AC7A5EC00237A45 /* Headers */ = {
			isa = PBXGroup;
			children = (
			);
			path = Headers;
			sourceTree = "<group>";
		};
		F958BF571AC7A5EC00237A45 /* Local Podspecs */ = {
			isa = PBXGroup;
			children = (
			);
			path = "Local Podspecs";
			sourceTree = "<group>";
		};
		F958BF581AC7A5EC00237A45 /* SwiftyJSON */ = {
			isa = PBXGroup;
			children = (
				F958BF591AC7A5EC00237A45 /* LICENSE */,
				F958BF5A1AC7A5EC00237A45 /* README.md */,
				F958BF5B1AC7A5EC00237A45 /* Source */,
			);
			path = SwiftyJSON;
			sourceTree = "<group>";
		};
		F958BF5B1AC7A5EC00237A45 /* Source */ = {
			isa = PBXGroup;
			children = (
				F958BF851AC7AD8100237A45 /* SwiftyJSON.h */,
				F958BF5C1AC7A5EC00237A45 /* SwiftyJSON.swift */,
			);
			path = Source;
			sourceTree = "<group>";
		};
		F958BF5D1AC7A5EC00237A45 /* Target Support Files */ = {
			isa = PBXGroup;
			children = (
			);
			path = "Target Support Files";
			sourceTree = "<group>";
		};
		F958BF681AC7A7C500237A45 /* EstimoteSDK */ = {
			isa = PBXGroup;
			children = (
				F958BF691AC7A7C500237A45 /* Headers */,
				F958BF821AC7A7C500237A45 /* libEstimoteSDK.a */,
			);
			path = EstimoteSDK;
			sourceTree = "<group>";
		};
		F958BF691AC7A7C500237A45 /* Headers */ = {
			isa = PBXGroup;
			children = (
				F958BF6A1AC7A7C500237A45 /* ESTBeacon.h */,
				F958BF6B1AC7A7C500237A45 /* ESTBeaconDefinitions.h */,
				F958BF6C1AC7A7C500237A45 /* ESTBeaconFirmwareVO.h */,
				F958BF6D1AC7A7C500237A45 /* ESTBeaconManager.h */,
				F958BF6E1AC7A7C500237A45 /* ESTBeaconRegion.h */,
				F958BF6F1AC7A7C500237A45 /* ESTBeaconUpdateConfig.h */,
				F958BF701AC7A7C500237A45 /* ESTBeaconUpdateInfo.h */,
				F958BF711AC7A7C500237A45 /* ESTBeaconVO.h */,
				F958BF721AC7A7C500237A45 /* ESTBulkUpdater.h */,
				F958BF731AC7A7C500237A45 /* ESTConfig.h */,
				F958BF741AC7A7C500237A45 /* ESTDateRule.h */,
				F958BF751AC7A7C500237A45 /* ESTDefinitions.h */,
				F958BF761AC7A7C500237A45 /* ESTFirmwareInfoVO.h */,
				F958BF771AC7A7C500237A45 /* ESTMotionRule.h */,
				F958BF781AC7A7C500237A45 /* ESTNearable.h */,
				F958BF791AC7A7C500237A45 /* ESTNearableDefinitions.h */,
				F958BF7A1AC7A7C500237A45 /* ESTNearableManager.h */,
				F958BF7B1AC7A7C500237A45 /* ESTNearableRule.h */,
				F958BF7C1AC7A7C500237A45 /* ESTOrientationRule.h */,
				F958BF7D1AC7A7C500237A45 /* ESTProximityRule.h */,
				F958BF7E1AC7A7C500237A45 /* ESTRule.h */,
				F958BF7F1AC7A7C500237A45 /* ESTTemperatureRule.h */,
				F958BF801AC7A7C500237A45 /* ESTTrigger.h */,
				F958BF811AC7A7C500237A45 /* ESTTriggerManager.h */,
			);
			path = Headers;
			sourceTree = "<group>";
		};
		F9B20B401A9E3BC6002D99F4 = {
			isa = PBXGroup;
			children = (
				F98654D71AD5C31600093135 /* TableViewController.swift */,
				F940EEE21ACA7BAA00E635FD /* TestViewController.swift */,
				F940EEE41ACA81A400E635FD /* StandardTableViewController.swift */,
				F940EEDC1ACA44A500E635FD /* CourtSideBeaconViewController.swift */,
				F940EEDE1ACA44E900E635FD /* CourtSideBeaconTableViewController.swift */,
				F958BF681AC7A7C500237A45 /* EstimoteSDK */,
				F958BF661AC7A6F800237A45 /* libEstimoteSDK.a */,
				F958BF641AC7A60500237A45 /* podfile */,
				F958BF501AC7A5EC00237A45 /* Pods */,
				F9209FF81ABE5BE200CCF6B7 /* AudioToolbox.framework */,
				F9209FF21ABE58D900CCF6B7 /* Bolts.framework */,
				F9209FF31ABE58D900CCF6B7 /* Parse.framework */,
				F9209FF41ABE58D900CCF6B7 /* ParseUI.framework */,
				F9E400B41AB628E000B9C9BA /* TEPLZRacquetball-Bridge-Header.h */,
				F9E400B11AB6261000B9C9BA /* libz.dylib */,
				F9E400AF1AB625FF00B9C9BA /* Security.framework */,
				F9E400AD1AB625DE00B9C9BA /* Foundation.framework */,
				F9E400AB1AB625C800B9C9BA /* libsqlite3.dylib */,
				F9E400971AB625AB00B9C9BA /* CFNetwork.framework */,
				F9E400981AB625AB00B9C9BA /* CoreData.framework */,
				F9E400991AB625AB00B9C9BA /* CoreFoundation.framework */,
				F9E4009A1AB625AB00B9C9BA /* CoreGraphics.framework */,
				F9E4009B1AB625AB00B9C9BA /* CoreLocation.framework */,
				F9E4009C1AB625AB00B9C9BA /* MobileCoreServices.framework */,
				F9E4009D1AB625AB00B9C9BA /* QuartzCore.framework */,
				F9E4009E1AB625AB00B9C9BA /* Social.framework */,
				F9E4009F1AB625AB00B9C9BA /* SystemConfiguration.framework */,
				F9E400A01AB625AB00B9C9BA /* UIKit.framework */,
				F9E400951AB6253100B9C9BA /* Accounts.framework */,
				F9B20B4B1A9E3BC6002D99F4 /* TEPLZ Racquetball - 1.0 */,
				F9B20B611A9E3BC6002D99F4 /* TEPLZ Racquetball - 1.0Tests */,
				F9B20B4A1A9E3BC6002D99F4 /* Products */,
			);
			sourceTree = "<group>";
		};
		F9B20B4A1A9E3BC6002D99F4 /* Products */ = {
			isa = PBXGroup;
			children = (
				F9B20B491A9E3BC6002D99F4 /* TEPLZ Racquetball - 1.0.app */,
				F9B20B5E1A9E3BC6002D99F4 /* TEPLZ Racquetball - 1.0Tests.xctest */,
			);
			name = Products;
			sourceTree = "<group>";
		};
		F9B20B4B1A9E3BC6002D99F4 /* TEPLZ Racquetball - 1.0 */ = {
			isa = PBXGroup;
			children = (
				F9E4008F1AB6248900B9C9BA /* Bolts.framework */,
				F9E400901AB6248900B9C9BA /* Parse.framework */,
				F9E400911AB6248900B9C9BA /* ParseUI.framework */,
				F9B20B521A9E3BC6002D99F4 /* Main.storyboard */,
				F9B20B4E1A9E3BC6002D99F4 /* AppDelegate.swift */,
				F909ABE81AC87A8D00505086 /* BeaconDetailsViewController.swift */,
				F909ABEA1AC8C56D00505086 /* BeaconDemoViewController.swift */,
				F909ABE61AC7BBA600505086 /* BeaconViewController.swift */,
				F98DADEF1AC68A64000AC0C4 /* CourtSideViewController.swift */,
				F9209FEA1ABE545F00CCF6B7 /* TASSViewController.swift */,
				F90735B01ABE4F0200657310 /* LeaderboardViewController.swift */,
				F9B20B721A9E4904002D99F4 /* QuickPlayDetailsViewController.swift */,
				F9B20B701A9E48B7002D99F4 /* QuickPlayTableViewController.swift */,
				F90C1C271AD6128B00444F8A /* DetailViewController.swift */,
				F9B20B6E1A9E4795002D99F4 /* QuickPlay.swift */,
				F9D01FFE1AC10A4E0047120B /* QuickPlayTableViewCell.swift */,
				F9B20B741A9E4940002D99F4 /* VideoViewController.swift */,
				F9209FEC1ABE547200CCF6B7 /* AdvancedLessonsViewController.swift */,
				F98319631AA3EE3C00DF59C7 /* BasicShotsViewController.swift */,
				F9209FEE1ABE549C00CCF6B7 /* BasicShotDetailViewController.swift */,
				F9209FF01ABE54B100CCF6B7 /* BasicShot.swift */,
				F90735B41ABE4FBA00657310 /* EnterMatchStatsViewController.swift */,
				F90735AE1ABE4EB100657310 /* SignUpViewController.swift */,
				F90735B61ABE501900657310 /* MyStatsViewController.swift */,
				F9D020001AC131A50047120B /* BasicShotsTableViewCell.swift */,
				F9B20B551A9E3BC6002D99F4 /* Images.xcassets */,
				F9B20B571A9E3BC6002D99F4 /* LaunchScreen.xib */,
				F9B20B4C1A9E3BC6002D99F4 /* Supporting Files */,
			);
			path = "TEPLZ Racquetball - 1.0";
			sourceTree = "<group>";
		};
		F9B20B4C1A9E3BC6002D99F4 /* Supporting Files */ = {
			isa = PBXGroup;
			children = (
				F940EEE01ACA699700E635FD /* tos_beep.caf */,
				F9B20B4D1A9E3BC6002D99F4 /* Info.plist */,
			);
			name = "Supporting Files";
			sourceTree = "<group>";
		};
		F9B20B611A9E3BC6002D99F4 /* TEPLZ Racquetball - 1.0Tests */ = {
			isa = PBXGroup;
			children = (
				F9B20B641A9E3BC6002D99F4 /* TEPLZ_Racquetball___1_0Tests.swift */,
				F9B20B621A9E3BC6002D99F4 /* Supporting Files */,
			);
			path = "TEPLZ Racquetball - 1.0Tests";
			sourceTree = "<group>";
		};
		F9B20B621A9E3BC6002D99F4 /* Supporting Files */ = {
			isa = PBXGroup;
			children = (
				F9B20B631A9E3BC6002D99F4 /* Info.plist */,
			);
			name = "Supporting Files";
			sourceTree = "<group>";
		};
/* End PBXGroup section */

/* Begin PBXNativeTarget section */
		F9B20B481A9E3BC6002D99F4 /* TEPLZ Racquetball - 1.0 */ = {
			isa = PBXNativeTarget;
			buildConfigurationList = F9B20B681A9E3BC6002D99F4 /* Build configuration list for PBXNativeTarget "TEPLZ Racquetball - 1.0" */;
			buildPhases = (
				F9B20B451A9E3BC6002D99F4 /* Sources */,
				F9B20B461A9E3BC6002D99F4 /* Frameworks */,
				F9B20B471A9E3BC6002D99F4 /* Resources */,
			);
			buildRules = (
			);
			dependencies = (
			);
			name = "TEPLZ Racquetball - 1.0";
			productName = "TEPLZ Racquetball - 1.0";
			productReference = F9B20B491A9E3BC6002D99F4 /* TEPLZ Racquetball - 1.0.app */;
			productType = "com.apple.product-type.application";
		};
		F9B20B5D1A9E3BC6002D99F4 /* TEPLZ Racquetball - 1.0Tests */ = {
			isa = PBXNativeTarget;
			buildConfigurationList = F9B20B6B1A9E3BC6002D99F4 /* Build configuration list for PBXNativeTarget "TEPLZ Racquetball - 1.0Tests" */;
			buildPhases = (
				F9B20B5A1A9E3BC6002D99F4 /* Sources */,
				F9B20B5B1A9E3BC6002D99F4 /* Frameworks */,
				F9B20B5C1A9E3BC6002D99F4 /* Resources */,
			);
			buildRules = (
			);
			dependencies = (
				F9B20B601A9E3BC6002D99F4 /* PBXTargetDependency */,
			);
			name = "TEPLZ Racquetball - 1.0Tests";
			productName = "TEPLZ Racquetball - 1.0Tests";
			productReference = F9B20B5E1A9E3BC6002D99F4 /* TEPLZ Racquetball - 1.0Tests.xctest */;
			productType = "com.apple.product-type.bundle.unit-test";
		};
/* End PBXNativeTarget section */

/* Begin PBXProject section */
		F9B20B411A9E3BC6002D99F4 /* Project object */ = {
			isa = PBXProject;
			attributes = {
				LastUpgradeCheck = 0620;
				ORGANIZATIONNAME = "Apps for TEPLZ";
				TargetAttributes = {
					F9B20B481A9E3BC6002D99F4 = {
						CreatedOnToolsVersion = 6.1.1;
						DevelopmentTeam = 3G2T5JZW4L;
						SystemCapabilities = {
							com.apple.BackgroundModes = {
								enabled = 1;
							};
						};
					};
					F9B20B5D1A9E3BC6002D99F4 = {
						CreatedOnToolsVersion = 6.1.1;
						TestTargetID = F9B20B481A9E3BC6002D99F4;
					};
				};
			};
			buildConfigurationList = F9B20B441A9E3BC6002D99F4 /* Build configuration list for PBXProject "TEPLZ Racquetball - 1.0" */;
			compatibilityVersion = "Xcode 3.2";
			developmentRegion = English;
			hasScannedForEncodings = 0;
			knownRegions = (
				en,
				Base,
			);
			mainGroup = F9B20B401A9E3BC6002D99F4;
			productRefGroup = F9B20B4A1A9E3BC6002D99F4 /* Products */;
			projectDirPath = "";
			projectRoot = "";
			targets = (
				F9B20B481A9E3BC6002D99F4 /* TEPLZ Racquetball - 1.0 */,
				F9B20B5D1A9E3BC6002D99F4 /* TEPLZ Racquetball - 1.0Tests */,
			);
		};
/* End PBXProject section */

/* Begin PBXResourcesBuildPhase section */
		F9B20B471A9E3BC6002D99F4 /* Resources */ = {
			isa = PBXResourcesBuildPhase;
			buildActionMask = 2147483647;
			files = (
				F958BF651AC7A60500237A45 /* podfile in Resources */,
				F9B20B541A9E3BC6002D99F4 /* Main.storyboard in Resources */,
				F9B20B591A9E3BC6002D99F4 /* LaunchScreen.xib in Resources */,
				F958BF5F1AC7A5EC00237A45 /* LICENSE in Resources */,
				F9B20B561A9E3BC6002D99F4 /* Images.xcassets in Resources */,
				F940EEE11ACA699700E635FD /* tos_beep.caf in Resources */,
				F958BF611AC7A5EC00237A45 /* LICENSE in Resources */,
			);
			runOnlyForDeploymentPostprocessing = 0;
		};
		F9B20B5C1A9E3BC6002D99F4 /* Resources */ = {
			isa = PBXResourcesBuildPhase;
			buildActionMask = 2147483647;
			files = (
			);
			runOnlyForDeploymentPostprocessing = 0;
		};
/* End PBXResourcesBuildPhase section */

/* Begin PBXSourcesBuildPhase section */
		F9B20B451A9E3BC6002D99F4 /* Sources */ = {
			isa = PBXSourcesBuildPhase;
			buildActionMask = 2147483647;
			files = (
				F90735B11ABE4F0200657310 /* LeaderboardViewController.swift in Sources */,
				F90735B71ABE501900657310 /* MyStatsViewController.swift in Sources */,
				F940EEE51ACA81A400E635FD /* StandardTableViewController.swift in Sources */,
				F9209FED1ABE547200CCF6B7 /* AdvancedLessonsViewController.swift in Sources */,
				F909ABE91AC87A8D00505086 /* BeaconDetailsViewController.swift in Sources */,
				F958BF631AC7A5EC00237A45 /* SwiftyJSON.swift in Sources */,
				F98319641AA3EE3C00DF59C7 /* BasicShotsViewController.swift in Sources */,
				F9B20B4F1A9E3BC6002D99F4 /* AppDelegate.swift in Sources */,
				F9B20B6F1A9E4795002D99F4 /* QuickPlay.swift in Sources */,
				F90C1C281AD6128B00444F8A /* DetailViewController.swift in Sources */,
				F940EEE31ACA7BAA00E635FD /* TestViewController.swift in Sources */,
				F958BF601AC7A5EC00237A45 /* README.md in Sources */,
				F9209FF11ABE54B100CCF6B7 /* BasicShot.swift in Sources */,
				F9D01FFF1AC10A4E0047120B /* QuickPlayTableViewCell.swift in Sources */,
				F909ABE71AC7BBA600505086 /* BeaconViewController.swift in Sources */,
				F90735AF1ABE4EB100657310 /* SignUpViewController.swift in Sources */,
				F98654D81AD5C31600093135 /* TableViewController.swift in Sources */,
				F940EEDF1ACA44E900E635FD /* CourtSideBeaconTableViewController.swift in Sources */,
				F9B20B711A9E48B7002D99F4 /* QuickPlayTableViewController.swift in Sources */,
				F9209FEF1ABE549C00CCF6B7 /* BasicShotDetailViewController.swift in Sources */,
				F98DADF01AC68A64000AC0C4 /* CourtSideViewController.swift in Sources */,
				F958BF621AC7A5EC00237A45 /* README.md in Sources */,
				F9B20B751A9E4940002D99F4 /* VideoViewController.swift in Sources */,
				F9B20B731A9E4904002D99F4 /* QuickPlayDetailsViewController.swift in Sources */,
				F9209FEB1ABE545F00CCF6B7 /* TASSViewController.swift in Sources */,
				F9D020011AC131A50047120B /* BasicShotsTableViewCell.swift in Sources */,
				F90735B51ABE4FBA00657310 /* EnterMatchStatsViewController.swift in Sources */,
				F909ABEB1AC8C56D00505086 /* BeaconDemoViewController.swift in Sources */,
				F940EEDD1ACA44A500E635FD /* CourtSideBeaconViewController.swift in Sources */,
			);
			runOnlyForDeploymentPostprocessing = 0;
		};
		F9B20B5A1A9E3BC6002D99F4 /* Sources */ = {
			isa = PBXSourcesBuildPhase;
			buildActionMask = 2147483647;
			files = (
				F9B20B651A9E3BC6002D99F4 /* TEPLZ_Racquetball___1_0Tests.swift in Sources */,
			);
			runOnlyForDeploymentPostprocessing = 0;
		};
/* End PBXSourcesBuildPhase section */

/* Begin PBXTargetDependency section */
		F9B20B601A9E3BC6002D99F4 /* PBXTargetDependency */ = {
			isa = PBXTargetDependency;
			target = F9B20B481A9E3BC6002D99F4 /* TEPLZ Racquetball - 1.0 */;
			targetProxy = F9B20B5F1A9E3BC6002D99F4 /* PBXContainerItemProxy */;
		};
/* End PBXTargetDependency section */

/* Begin PBXVariantGroup section */
		F9B20B521A9E3BC6002D99F4 /* Main.storyboard */ = {
			isa = PBXVariantGroup;
			children = (
				F9B20B531A9E3BC6002D99F4 /* Base */,
			);
			name = Main.storyboard;
			sourceTree = "<group>";
		};
		F9B20B571A9E3BC6002D99F4 /* LaunchScreen.xib */ = {
			isa = PBXVariantGroup;
			children = (
				F9B20B581A9E3BC6002D99F4 /* Base */,
			);
			name = LaunchScreen.xib;
			sourceTree = "<group>";
		};
/* End PBXVariantGroup section */

/* Begin XCBuildConfiguration section */
		F9B20B661A9E3BC6002D99F4 /* Debug */ = {
			isa = XCBuildConfiguration;
			buildSettings = {
				ALWAYS_SEARCH_USER_PATHS = NO;
				CLANG_CXX_LANGUAGE_STANDARD = "gnu++0x";
				CLANG_CXX_LIBRARY = "libc++";
				CLANG_ENABLE_MODULES = YES;
				CLANG_ENABLE_OBJC_ARC = YES;
				CLANG_WARN_BOOL_CONVERSION = YES;
				CLANG_WARN_CONSTANT_CONVERSION = YES;
				CLANG_WARN_DIRECT_OBJC_ISA_USAGE = YES_ERROR;
				CLANG_WARN_EMPTY_BODY = YES;
				CLANG_WARN_ENUM_CONVERSION = YES;
				CLANG_WARN_INT_CONVERSION = YES;
				CLANG_WARN_OBJC_ROOT_CLASS = YES_ERROR;
				CLANG_WARN_UNREACHABLE_CODE = YES;
				CLANG_WARN__DUPLICATE_METHOD_MATCH = YES;
				"CODE_SIGN_IDENTITY[sdk=iphoneos*]" = "iPhone Developer";
				COPY_PHASE_STRIP = NO;
				ENABLE_STRICT_OBJC_MSGSEND = YES;
				GCC_C_LANGUAGE_STANDARD = gnu99;
				GCC_DYNAMIC_NO_PIC = NO;
				GCC_OPTIMIZATION_LEVEL = 0;
				GCC_PREPROCESSOR_DEFINITIONS = (
					"DEBUG=1",
					"$(inherited)",
				);
				GCC_SYMBOLS_PRIVATE_EXTERN = NO;
				GCC_WARN_64_TO_32_BIT_CONVERSION = YES;
				GCC_WARN_ABOUT_RETURN_TYPE = YES_ERROR;
				GCC_WARN_UNDECLARED_SELECTOR = YES;
				GCC_WARN_UNINITIALIZED_AUTOS = YES_AGGRESSIVE;
				GCC_WARN_UNUSED_FUNCTION = YES;
				GCC_WARN_UNUSED_VARIABLE = YES;
				IPHONEOS_DEPLOYMENT_TARGET = 8.1;
				MTL_ENABLE_DEBUG_INFO = YES;
				ONLY_ACTIVE_ARCH = YES;
				SDKROOT = iphoneos;
				SWIFT_OPTIMIZATION_LEVEL = "-Onone";
				TARGETED_DEVICE_FAMILY = "1,2";
			};
			name = Debug;
		};
		F9B20B671A9E3BC6002D99F4 /* Release */ = {
			isa = XCBuildConfiguration;
			buildSettings = {
				ALWAYS_SEARCH_USER_PATHS = NO;
				CLANG_CXX_LANGUAGE_STANDARD = "gnu++0x";
				CLANG_CXX_LIBRARY = "libc++";
				CLANG_ENABLE_MODULES = YES;
				CLANG_ENABLE_OBJC_ARC = YES;
				CLANG_WARN_BOOL_CONVERSION = YES;
				CLANG_WARN_CONSTANT_CONVERSION = YES;
				CLANG_WARN_DIRECT_OBJC_ISA_USAGE = YES_ERROR;
				CLANG_WARN_EMPTY_BODY = YES;
				CLANG_WARN_ENUM_CONVERSION = YES;
				CLANG_WARN_INT_CONVERSION = YES;
				CLANG_WARN_OBJC_ROOT_CLASS = YES_ERROR;
				CLANG_WARN_UNREACHABLE_CODE = YES;
				CLANG_WARN__DUPLICATE_METHOD_MATCH = YES;
				"CODE_SIGN_IDENTITY[sdk=iphoneos*]" = "iPhone Developer";
				COPY_PHASE_STRIP = YES;
				ENABLE_NS_ASSERTIONS = NO;
				ENABLE_STRICT_OBJC_MSGSEND = YES;
				GCC_C_LANGUAGE_STANDARD = gnu99;
				GCC_WARN_64_TO_32_BIT_CONVERSION = YES;
				GCC_WARN_ABOUT_RETURN_TYPE = YES_ERROR;
				GCC_WARN_UNDECLARED_SELECTOR = YES;
				GCC_WARN_UNINITIALIZED_AUTOS = YES_AGGRESSIVE;
				GCC_WARN_UNUSED_FUNCTION = YES;
				GCC_WARN_UNUSED_VARIABLE = YES;
				IPHONEOS_DEPLOYMENT_TARGET = 8.1;
				MTL_ENABLE_DEBUG_INFO = NO;
				SDKROOT = iphoneos;
				TARGETED_DEVICE_FAMILY = "1,2";
				VALIDATE_PRODUCT = YES;
			};
			name = Release;
		};
		F9B20B691A9E3BC6002D99F4 /* Debug */ = {
			isa = XCBuildConfiguration;
			buildSettings = {
				ASSETCATALOG_COMPILER_APPICON_NAME = AppIcon;
				CODE_SIGN_IDENTITY = "iPhone Developer";
				"CODE_SIGN_IDENTITY[sdk=iphoneos*]" = "iPhone Developer";
				FRAMEWORK_SEARCH_PATHS = (
					"$(inherited)",
					"$(PROJECT_DIR)",
					"$(PROJECT_DIR)/Pods/EstimoteSDK/EstimoteSDK",
				);
				HEADER_SEARCH_PATHS = (
					"$(inherited)",
					/Applications/Xcode.app/Contents/Developer/Toolchains/XcodeDefault.xctoolchain/usr/include,
					"$(PROJECT_DIR)/EstimoteBeacons/EstimoteSDK/Headers",
				);
				INFOPLIST_FILE = "TEPLZ Racquetball - 1.0/Info.plist";
				LD_RUNPATH_SEARCH_PATHS = "$(inherited) @executable_path/Frameworks";
				LIBRARY_SEARCH_PATHS = (
					"$(inherited)",
					"/Users/tonyGuerrero/Downloads/iOS-SDK-master/EstimoteSDK",
					"$(PROJECT_DIR)/EstimoteSDK",
				);
				PRODUCT_NAME = "$(TARGET_NAME)";
				PROVISIONING_PROFILE = "";
				SWIFT_OBJC_BRIDGING_HEADER = "TEPLZRacquetball-Bridge-Header.h";
			};
			name = Debug;
		};
		F9B20B6A1A9E3BC6002D99F4 /* Release */ = {
			isa = XCBuildConfiguration;
			buildSettings = {
				ASSETCATALOG_COMPILER_APPICON_NAME = AppIcon;
				CODE_SIGN_IDENTITY = "iPhone Developer";
				"CODE_SIGN_IDENTITY[sdk=iphoneos*]" = "iPhone Developer";
				FRAMEWORK_SEARCH_PATHS = (
					"$(inherited)",
					"$(PROJECT_DIR)",
					"$(PROJECT_DIR)/Pods/EstimoteSDK/EstimoteSDK",
				);
				HEADER_SEARCH_PATHS = (
					"$(inherited)",
					/Applications/Xcode.app/Contents/Developer/Toolchains/XcodeDefault.xctoolchain/usr/include,
					"$(PROJECT_DIR)/EstimoteBeacons/EstimoteSDK/Headers",
				);
				INFOPLIST_FILE = "TEPLZ Racquetball - 1.0/Info.plist";
				LD_RUNPATH_SEARCH_PATHS = "$(inherited) @executable_path/Frameworks";
				LIBRARY_SEARCH_PATHS = (
					"$(inherited)",
					"/Users/tonyGuerrero/Downloads/iOS-SDK-master/EstimoteSDK",
					"$(PROJECT_DIR)/EstimoteSDK",
				);
				PRODUCT_NAME = "$(TARGET_NAME)";
				PROVISIONING_PROFILE = "";
				SWIFT_OBJC_BRIDGING_HEADER = "TEPLZRacquetball-Bridge-Header.h";
			};
			name = Release;
		};
		F9B20B6C1A9E3BC6002D99F4 /* Debug */ = {
			isa = XCBuildConfiguration;
			buildSettings = {
				BUNDLE_LOADER = "$(TEST_HOST)";
				FRAMEWORK_SEARCH_PATHS = (
					"$(SDKROOT)/Developer/Library/Frameworks",
					"$(inherited)",
				);
				GCC_PREPROCESSOR_DEFINITIONS = (
					"DEBUG=1",
					"$(inherited)",
				);
				INFOPLIST_FILE = "TEPLZ Racquetball - 1.0Tests/Info.plist";
				LD_RUNPATH_SEARCH_PATHS = "$(inherited) @executable_path/Frameworks @loader_path/Frameworks";
				PRODUCT_NAME = "$(TARGET_NAME)";
				TEST_HOST = "$(BUILT_PRODUCTS_DIR)/TEPLZ Racquetball - 1.0.app/TEPLZ Racquetball - 1.0";
			};
			name = Debug;
		};
		F9B20B6D1A9E3BC6002D99F4 /* Release */ = {
			isa = XCBuildConfiguration;
			buildSettings = {
				BUNDLE_LOADER = "$(TEST_HOST)";
				FRAMEWORK_SEARCH_PATHS = (
					"$(SDKROOT)/Developer/Library/Frameworks",
					"$(inherited)",
				);
				INFOPLIST_FILE = "TEPLZ Racquetball - 1.0Tests/Info.plist";
				LD_RUNPATH_SEARCH_PATHS = "$(inherited) @executable_path/Frameworks @loader_path/Frameworks";
				PRODUCT_NAME = "$(TARGET_NAME)";
				TEST_HOST = "$(BUILT_PRODUCTS_DIR)/TEPLZ Racquetball - 1.0.app/TEPLZ Racquetball - 1.0";
			};
			name = Release;
		};
/* End XCBuildConfiguration section */

/* Begin XCConfigurationList section */
		F9B20B441A9E3BC6002D99F4 /* Build configuration list for PBXProject "TEPLZ Racquetball - 1.0" */ = {
			isa = XCConfigurationList;
			buildConfigurations = (
				F9B20B661A9E3BC6002D99F4 /* Debug */,
				F9B20B671A9E3BC6002D99F4 /* Release */,
			);
			defaultConfigurationIsVisible = 0;
			defaultConfigurationName = Release;
		};
		F9B20B681A9E3BC6002D99F4 /* Build configuration list for PBXNativeTarget "TEPLZ Racquetball - 1.0" */ = {
			isa = XCConfigurationList;
			buildConfigurations = (
				F9B20B691A9E3BC6002D99F4 /* Debug */,
				F9B20B6A1A9E3BC6002D99F4 /* Release */,
			);
			defaultConfigurationIsVisible = 0;
			defaultConfigurationName = Release;
		};
		F9B20B6B1A9E3BC6002D99F4 /* Build configuration list for PBXNativeTarget "TEPLZ Racquetball - 1.0Tests" */ = {
			isa = XCConfigurationList;
			buildConfigurations = (
				F9B20B6C1A9E3BC6002D99F4 /* Debug */,
				F9B20B6D1A9E3BC6002D99F4 /* Release */,
			);
			defaultConfigurationIsVisible = 0;
			defaultConfigurationName = Release;
		};
/* End XCConfigurationList section */
	};
	rootObject = F9B20B411A9E3BC6002D99F4 /* Project object */;
}
